// !$*UTF8*$!
{
	archiveVersion = 1;
	classes = {
	};
	objectVersion = 50;
	objects = {

/* Begin PBXBuildFile section */
		D8BA91632473932100AD8D58 /* AppDelegate.swift in Sources */ = {isa = PBXBuildFile; fileRef = D8BA91622473932100AD8D58 /* AppDelegate.swift */; };
		D8BA91652473932100AD8D58 /* SceneDelegate.swift in Sources */ = {isa = PBXBuildFile; fileRef = D8BA91642473932100AD8D58 /* SceneDelegate.swift */; };
		D8BA91672473932100AD8D58 /* ViewController.swift in Sources */ = {isa = PBXBuildFile; fileRef = D8BA91662473932100AD8D58 /* ViewController.swift */; };
		D8BA916A2473932100AD8D58 /* Main.storyboard in Resources */ = {isa = PBXBuildFile; fileRef = D8BA91682473932100AD8D58 /* Main.storyboard */; };
		D8BA916C2473932700AD8D58 /* Assets.xcassets in Resources */ = {isa = PBXBuildFile; fileRef = D8BA916B2473932700AD8D58 /* Assets.xcassets */; };
		D8BA916F2473932700AD8D58 /* LaunchScreen.storyboard in Resources */ = {isa = PBXBuildFile; fileRef = D8BA916D2473932700AD8D58 /* LaunchScreen.storyboard */; };
		D8BA917A2473932700AD8D58 /* tyokin0519Tests.swift in Sources */ = {isa = PBXBuildFile; fileRef = D8BA91792473932700AD8D58 /* tyokin0519Tests.swift */; };
		D8BA91852473932700AD8D58 /* tyokin0519UITests.swift in Sources */ = {isa = PBXBuildFile; fileRef = D8BA91842473932700AD8D58 /* tyokin0519UITests.swift */; };
/* End PBXBuildFile section */

/* Begin PBXContainerItemProxy section */
		D8BA91762473932700AD8D58 /* PBXContainerItemProxy */ = {
			isa = PBXContainerItemProxy;
			containerPortal = D8BA91572473932100AD8D58 /* Project object */;
			proxyType = 1;
			remoteGlobalIDString = D8BA915E2473932100AD8D58;
			remoteInfo = tyokin0519;
		};
		D8BA91812473932700AD8D58 /* PBXContainerItemProxy */ = {
			isa = PBXContainerItemProxy;
			containerPortal = D8BA91572473932100AD8D58 /* Project object */;
			proxyType = 1;
			remoteGlobalIDString = D8BA915E2473932100AD8D58;
			remoteInfo = tyokin0519;
		};
/* End PBXContainerItemProxy section */

/* Begin PBXFileReference section */
		D8BA915F2473932100AD8D58 /* tyokin0519.app */ = {isa = PBXFileReference; explicitFileType = wrapper.application; includeInIndex = 0; path = tyokin0519.app; sourceTree = BUILT_PRODUCTS_DIR; };
		D8BA91622473932100AD8D58 /* AppDelegate.swift */ = {isa = PBXFileReference; lastKnownFileType = sourcecode.swift; path = AppDelegate.swift; sourceTree = "<group>"; };
		D8BA91642473932100AD8D58 /* SceneDelegate.swift */ = {isa = PBXFileReference; lastKnownFileType = sourcecode.swift; path = SceneDelegate.swift; sourceTree = "<group>"; };
		D8BA91662473932100AD8D58 /* ViewController.swift */ = {isa = PBXFileReference; lastKnownFileType = sourcecode.swift; path = ViewController.swift; sourceTree = "<group>"; };
		D8BA91692473932100AD8D58 /* Base */ = {isa = PBXFileReference; lastKnownFileType = file.storyboard; name = Base; path = Base.lproj/Main.storyboard; sourceTree = "<group>"; };
		D8BA916B2473932700AD8D58 /* Assets.xcassets */ = {isa = PBXFileReference; lastKnownFileType = folder.assetcatalog; path = Assets.xcassets; sourceTree = "<group>"; };
		D8BA916E2473932700AD8D58 /* Base */ = {isa = PBXFileReference; lastKnownFileType = file.storyboard; name = Base; path = Base.lproj/LaunchScreen.storyboard; sourceTree = "<group>"; };
		D8BA91702473932700AD8D58 /* Info.plist */ = {isa = PBXFileReference; lastKnownFileType = text.plist.xml; path = Info.plist; sourceTree = "<group>"; };
		D8BA91752473932700AD8D58 /* tyokin0519Tests.xctest */ = {isa = PBXFileReference; explicitFileType = wrapper.cfbundle; includeInIndex = 0; path = tyokin0519Tests.xctest; sourceTree = BUILT_PRODUCTS_DIR; };
		D8BA91792473932700AD8D58 /* tyokin0519Tests.swift */ = {isa = PBXFileReference; lastKnownFileType = sourcecode.swift; path = tyokin0519Tests.swift; sourceTree = "<group>"; };
		D8BA917B2473932700AD8D58 /* Info.plist */ = {isa = PBXFileReference; lastKnownFileType = text.plist.xml; path = Info.plist; sourceTree = "<group>"; };
		D8BA91802473932700AD8D58 /* tyokin0519UITests.xctest */ = {isa = PBXFileReference; explicitFileType = wrapper.cfbundle; includeInIndex = 0; path = tyokin0519UITests.xctest; sourceTree = BUILT_PRODUCTS_DIR; };
		D8BA91842473932700AD8D58 /* tyokin0519UITests.swift */ = {isa = PBXFileReference; lastKnownFileType = sourcecode.swift; path = tyokin0519UITests.swift; sourceTree = "<group>"; };
		D8BA91862473932700AD8D58 /* Info.plist */ = {isa = PBXFileReference; lastKnownFileType = text.plist.xml; path = Info.plist; sourceTree = "<group>"; };
/* End PBXFileReference section */

/* Begin PBXFrameworksBuildPhase section */
		D8BA915C2473932100AD8D58 /* Frameworks */ = {
			isa = PBXFrameworksBuildPhase;
			buildActionMask = 2147483647;
			files = (
			);
			runOnlyForDeploymentPostprocessing = 0;
		};
		D8BA91722473932700AD8D58 /* Frameworks */ = {
			isa = PBXFrameworksBuildPhase;
			buildActionMask = 2147483647;
			files = (
			);
			runOnlyForDeploymentPostprocessing = 0;
		};
		D8BA917D2473932700AD8D58 /* Frameworks */ = {
			isa = PBXFrameworksBuildPhase;
			buildActionMask = 2147483647;
			files = (
			);
			runOnlyForDeploymentPostprocessing = 0;
		};
/* End PBXFrameworksBuildPhase section */

/* Begin PBXGroup section */
		D8BA91562473932100AD8D58 = {
			isa = PBXGroup;
			children = (
				D8BA91612473932100AD8D58 /* tyokin0519 */,
				D8BA91782473932700AD8D58 /* tyokin0519Tests */,
				D8BA91832473932700AD8D58 /* tyokin0519UITests */,
				D8BA91602473932100AD8D58 /* Products */,
			);
			sourceTree = "<group>";
		};
		D8BA91602473932100AD8D58 /* Products */ = {
			isa = PBXGroup;
			children = (
				D8BA915F2473932100AD8D58 /* tyokin0519.app */,
				D8BA91752473932700AD8D58 /* tyokin0519Tests.xctest */,
				D8BA91802473932700AD8D58 /* tyokin0519UITests.xctest */,
			);
			name = Products;
			sourceTree = "<group>";
		};
		D8BA91612473932100AD8D58 /* tyokin0519 */ = {
			isa = PBXGroup;
			children = (
				D8BA91622473932100AD8D58 /* AppDelegate.swift */,
				D8BA91642473932100AD8D58 /* SceneDelegate.swift */,
				D8BA91662473932100AD8D58 /* ViewController.swift */,
				D8BA91682473932100AD8D58 /* Main.storyboard */,
				D8BA916B2473932700AD8D58 /* Assets.xcassets */,
				D8BA916D2473932700AD8D58 /* LaunchScreen.storyboard */,
				D8BA91702473932700AD8D58 /* Info.plist */,
			);
			path = tyokin0519;
			sourceTree = "<group>";
		};
		D8BA91782473932700AD8D58 /* tyokin0519Tests */ = {
			isa = PBXGroup;
			children = (
				D8BA91792473932700AD8D58 /* tyokin0519Tests.swift */,
				D8BA917B2473932700AD8D58 /* Info.plist */,
			);
			path = tyokin0519Tests;
			sourceTree = "<group>";
		};
		D8BA91832473932700AD8D58 /* tyokin0519UITests */ = {
			isa = PBXGroup;
			children = (
				D8BA91842473932700AD8D58 /* tyokin0519UITests.swift */,
				D8BA91862473932700AD8D58 /* Info.plist */,
			);
			path = tyokin0519UITests;
			sourceTree = "<group>";
		};
/* End PBXGroup section */

/* Begin PBXNativeTarget section */
		D8BA915E2473932100AD8D58 /* tyokin0519 */ = {
			isa = PBXNativeTarget;
			buildConfigurationList = D8BA91892473932700AD8D58 /* Build configuration list for PBXNativeTarget "tyokin0519" */;
			buildPhases = (
				D8BA915B2473932100AD8D58 /* Sources */,
				D8BA915C2473932100AD8D58 /* Frameworks */,
				D8BA915D2473932100AD8D58 /* Resources */,
			);
			buildRules = (
			);
			dependencies = (
			);
			name = tyokin0519;
			productName = tyokin0519;
			productReference = D8BA915F2473932100AD8D58 /* tyokin0519.app */;
			productType = "com.apple.product-type.application";
		};
		D8BA91742473932700AD8D58 /* tyokin0519Tests */ = {
			isa = PBXNativeTarget;
			buildConfigurationList = D8BA918C2473932700AD8D58 /* Build configuration list for PBXNativeTarget "tyokin0519Tests" */;
			buildPhases = (
				D8BA91712473932700AD8D58 /* Sources */,
				D8BA91722473932700AD8D58 /* Frameworks */,
				D8BA91732473932700AD8D58 /* Resources */,
			);
			buildRules = (
			);
			dependencies = (
				D8BA91772473932700AD8D58 /* PBXTargetDependency */,
			);
			name = tyokin0519Tests;
			productName = tyokin0519Tests;
			productReference = D8BA91752473932700AD8D58 /* tyokin0519Tests.xctest */;
			productType = "com.apple.product-type.bundle.unit-test";
		};
		D8BA917F2473932700AD8D58 /* tyokin0519UITests */ = {
			isa = PBXNativeTarget;
			buildConfigurationList = D8BA918F2473932700AD8D58 /* Build configuration list for PBXNativeTarget "tyokin0519UITests" */;
			buildPhases = (
				D8BA917C2473932700AD8D58 /* Sources */,
				D8BA917D2473932700AD8D58 /* Frameworks */,
				D8BA917E2473932700AD8D58 /* Resources */,
			);
			buildRules = (
			);
			dependencies = (
				D8BA91822473932700AD8D58 /* PBXTargetDependency */,
			);
			name = tyokin0519UITests;
			productName = tyokin0519UITests;
			productReference = D8BA91802473932700AD8D58 /* tyokin0519UITests.xctest */;
			productType = "com.apple.product-type.bundle.ui-testing";
		};
/* End PBXNativeTarget section */

/* Begin PBXProject section */
		D8BA91572473932100AD8D58 /* Project object */ = {
			isa = PBXProject;
			attributes = {
				LastSwiftUpdateCheck = 1140;
				LastUpgradeCheck = 1140;
				ORGANIZATIONNAME = "RYOUTA FUJII";
				TargetAttributes = {
					D8BA915E2473932100AD8D58 = {
						CreatedOnToolsVersion = 11.4.1;
					};
					D8BA91742473932700AD8D58 = {
						CreatedOnToolsVersion = 11.4.1;
						TestTargetID = D8BA915E2473932100AD8D58;
					};
					D8BA917F2473932700AD8D58 = {
						CreatedOnToolsVersion = 11.4.1;
						TestTargetID = D8BA915E2473932100AD8D58;
					};
				};
			};
			buildConfigurationList = D8BA915A2473932100AD8D58 /* Build configuration list for PBXProject "tyokin0519" */;
			compatibilityVersion = "Xcode 9.3";
			developmentRegion = en;
			hasScannedForEncodings = 0;
			knownRegions = (
				en,
				Base,
			);
			mainGroup = D8BA91562473932100AD8D58;
			productRefGroup = D8BA91602473932100AD8D58 /* Products */;
			projectDirPath = "";
			projectRoot = "";
			targets = (
				D8BA915E2473932100AD8D58 /* tyokin0519 */,
				D8BA91742473932700AD8D58 /* tyokin0519Tests */,
				D8BA917F2473932700AD8D58 /* tyokin0519UITests */,
			);
		};
/* End PBXProject section */

/* Begin PBXResourcesBuildPhase section */
		D8BA915D2473932100AD8D58 /* Resources */ = {
			isa = PBXResourcesBuildPhase;
			buildActionMask = 2147483647;
			files = (
				D8BA916F2473932700AD8D58 /* LaunchScreen.storyboard in Resources */,
				D8BA916C2473932700AD8D58 /* Assets.xcassets in Resources */,
				D8BA916A2473932100AD8D58 /* Main.storyboard in Resources */,
			);
			runOnlyForDeploymentPostprocessing = 0;
		};
		D8BA91732473932700AD8D58 /* Resources */ = {
			isa = PBXResourcesBuildPhase;
			buildActionMask = 2147483647;
			files = (
			);
			runOnlyForDeploymentPostprocessing = 0;
		};
		D8BA917E2473932700AD8D58 /* Resources */ = {
			isa = PBXResourcesBuildPhase;
			buildActionMask = 2147483647;
			files = (
			);
			runOnlyForDeploymentPostprocessing = 0;
		};
/* End PBXResourcesBuildPhase section */

/* Begin PBXSourcesBuildPhase section */
		D8BA915B2473932100AD8D58 /* Sources */ = {
			isa = PBXSourcesBuildPhase;
			buildActionMask = 2147483647;
			files = (
				D8BA91672473932100AD8D58 /* ViewController.swift in Sources */,
				D8BA91632473932100AD8D58 /* AppDelegate.swift in Sources */,
				D8BA91652473932100AD8D58 /* SceneDelegate.swift in Sources */,
			);
			runOnlyForDeploymentPostprocessing = 0;
		};
		D8BA91712473932700AD8D58 /* Sources */ = {
			isa = PBXSourcesBuildPhase;
			buildActionMask = 2147483647;
			files = (
				D8BA917A2473932700AD8D58 /* tyokin0519Tests.swift in Sources */,
			);
			runOnlyForDeploymentPostprocessing = 0;
		};
		D8BA917C2473932700AD8D58 /* Sources */ = {
			isa = PBXSourcesBuildPhase;
			buildActionMask = 2147483647;
			files = (
				D8BA91852473932700AD8D58 /* tyokin0519UITests.swift in Sources */,
			);
			runOnlyForDeploymentPostprocessing = 0;
		};
/* End PBXSourcesBuildPhase section */

/* Begin PBXTargetDependency section */
		D8BA91772473932700AD8D58 /* PBXTargetDependency */ = {
			isa = PBXTargetDependency;
			target = D8BA915E2473932100AD8D58 /* tyokin0519 */;
			targetProxy = D8BA91762473932700AD8D58 /* PBXContainerItemProxy */;
		};
		D8BA91822473932700AD8D58 /* PBXTargetDependency */ = {
			isa = PBXTargetDependency;
			target = D8BA915E2473932100AD8D58 /* tyokin0519 */;
			targetProxy = D8BA91812473932700AD8D58 /* PBXContainerItemProxy */;
		};
/* End PBXTargetDependency section */

/* Begin PBXVariantGroup section */
		D8BA91682473932100AD8D58 /* Main.storyboard */ = {
			isa = PBXVariantGroup;
			children = (
				D8BA91692473932100AD8D58 /* Base */,
			);
			name = Main.storyboard;
			sourceTree = "<group>";
		};
		D8BA916D2473932700AD8D58 /* LaunchScreen.storyboard */ = {
			isa = PBXVariantGroup;
			children = (
				D8BA916E2473932700AD8D58 /* Base */,
			);
			name = LaunchScreen.storyboard;
			sourceTree = "<group>";
		};
/* End PBXVariantGroup section */

/* Begin XCBuildConfiguration section */
		D8BA91872473932700AD8D58 /* Debug */ = {
			isa = XCBuildConfiguration;
			buildSettings = {
				ALWAYS_SEARCH_USER_PATHS = NO;
				CLANG_ANALYZER_NONNULL = YES;
				CLANG_ANALYZER_NUMBER_OBJECT_CONVERSION = YES_AGGRESSIVE;
				CLANG_CXX_LANGUAGE_STANDARD = "gnu++14";
				CLANG_CXX_LIBRARY = "libc++";
				CLANG_ENABLE_MODULES = YES;
				CLANG_ENABLE_OBJC_ARC = YES;
				CLANG_ENABLE_OBJC_WEAK = YES;
				CLANG_WARN_BLOCK_CAPTURE_AUTORELEASING = YES;
				CLANG_WARN_BOOL_CONVERSION = YES;
				CLANG_WARN_COMMA = YES;
				CLANG_WARN_CONSTANT_CONVERSION = YES;
				CLANG_WARN_DEPRECATED_OBJC_IMPLEMENTATIONS = YES;
				CLANG_WARN_DIRECT_OBJC_ISA_USAGE = YES_ERROR;
				CLANG_WARN_DOCUMENTATION_COMMENTS = YES;
				CLANG_WARN_EMPTY_BODY = YES;
				CLANG_WARN_ENUM_CONVERSION = YES;
				CLANG_WARN_INFINITE_RECURSION = YES;
				CLANG_WARN_INT_CONVERSION = YES;
				CLANG_WARN_NON_LITERAL_NULL_CONVERSION = YES;
				CLANG_WARN_OBJC_IMPLICIT_RETAIN_SELF = YES;
				CLANG_WARN_OBJC_LITERAL_CONVERSION = YES;
				CLANG_WARN_OBJC_ROOT_CLASS = YES_ERROR;
				CLANG_WARN_RANGE_LOOP_ANALYSIS = YES;
				CLANG_WARN_STRICT_PROTOTYPES = YES;
				CLANG_WARN_SUSPICIOUS_MOVE = YES;
				CLANG_WARN_UNGUARDED_AVAILABILITY = YES_AGGRESSIVE;
				CLANG_WARN_UNREACHABLE_CODE = YES;
				CLANG_WARN__DUPLICATE_METHOD_MATCH = YES;
				COPY_PHASE_STRIP = NO;
				DEBUG_INFORMATION_FORMAT = dwarf;
				ENABLE_STRICT_OBJC_MSGSEND = YES;
				ENABLE_TESTABILITY = YES;
				GCC_C_LANGUAGE_STANDARD = gnu11;
				GCC_DYNAMIC_NO_PIC = NO;
				GCC_NO_COMMON_BLOCKS = YES;
				GCC_OPTIMIZATION_LEVEL = 0;
				GCC_PREPROCESSOR_DEFINITIONS = (
					"DEBUG=1",
					"$(inherited)",
				);
				GCC_WARN_64_TO_32_BIT_CONVERSION = YES;
				GCC_WARN_ABOUT_RETURN_TYPE = YES_ERROR;
				GCC_WARN_UNDECLARED_SELECTOR = YES;
				GCC_WARN_UNINITIALIZED_AUTOS = YES_AGGRESSIVE;
				GCC_WARN_UNUSED_FUNCTION = YES;
				GCC_WARN_UNUSED_VARIABLE = YES;
				IPHONEOS_DEPLOYMENT_TARGET = 13.4;
				MTL_ENABLE_DEBUG_INFO = INCLUDE_SOURCE;
				MTL_FAST_MATH = YES;
				ONLY_ACTIVE_ARCH = YES;
				SDKROOT = iphoneos;
				SWIFT_ACTIVE_COMPILATION_CONDITIONS = DEBUG;
				SWIFT_OPTIMIZATION_LEVEL = "-Onone";
			};
			name = Debug;
		};
		D8BA91882473932700AD8D58 /* Release */ = {
			isa = XCBuildConfiguration;
			buildSettings = {
				ALWAYS_SEARCH_USER_PATHS = NO;
				CLANG_ANALYZER_NONNULL = YES;
				CLANG_ANALYZER_NUMBER_OBJECT_CONVERSION = YES_AGGRESSIVE;
				CLANG_CXX_LANGUAGE_STANDARD = "gnu++14";
				CLANG_CXX_LIBRARY = "libc++";
				CLANG_ENABLE_MODULES = YES;
				CLANG_ENABLE_OBJC_ARC = YES;
				CLANG_ENABLE_OBJC_WEAK = YES;
				CLANG_WARN_BLOCK_CAPTURE_AUTORELEASING = YES;
				CLANG_WARN_BOOL_CONVERSION = YES;
				CLANG_WARN_COMMA = YES;
				CLANG_WARN_CONSTANT_CONVERSION = YES;
				CLANG_WARN_DEPRECATED_OBJC_IMPLEMENTATIONS = YES;
				CLANG_WARN_DIRECT_OBJC_ISA_USAGE = YES_ERROR;
				CLANG_WARN_DOCUMENTATION_COMMENTS = YES;
				CLANG_WARN_EMPTY_BODY = YES;
				CLANG_WARN_ENUM_CONVERSION = YES;
				CLANG_WARN_INFINITE_RECURSION = YES;
				CLANG_WARN_INT_CONVERSION = YES;
				CLANG_WARN_NON_LITERAL_NULL_CONVERSION = YES;
				CLANG_WARN_OBJC_IMPLICIT_RETAIN_SELF = YES;
				CLANG_WARN_OBJC_LITERAL_CONVERSION = YES;
				CLANG_WARN_OBJC_ROOT_CLASS = YES_ERROR;
				CLANG_WARN_RANGE_LOOP_ANALYSIS = YES;
				CLANG_WARN_STRICT_PROTOTYPES = YES;
				CLANG_WARN_SUSPICIOUS_MOVE = YES;
				CLANG_WARN_UNGUARDED_AVAILABILITY = YES_AGGRESSIVE;
				CLANG_WARN_UNREACHABLE_CODE = YES;
				CLANG_WARN__DUPLICATE_METHOD_MATCH = YES;
				COPY_PHASE_STRIP = NO;
				DEBUG_INFORMATION_FORMAT = "dwarf-with-dsym";
				ENABLE_NS_ASSERTIONS = NO;
				ENABLE_STRICT_OBJC_MSGSEND = YES;
				GCC_C_LANGUAGE_STANDARD = gnu11;
				GCC_NO_COMMON_BLOCKS = YES;
				GCC_WARN_64_TO_32_BIT_CONVERSION = YES;
				GCC_WARN_ABOUT_RETURN_TYPE = YES_ERROR;
				GCC_WARN_UNDECLARED_SELECTOR = YES;
				GCC_WARN_UNINITIALIZED_AUTOS = YES_AGGRESSIVE;
				GCC_WARN_UNUSED_FUNCTION = YES;
				GCC_WARN_UNUSED_VARIABLE = YES;
				IPHONEOS_DEPLOYMENT_TARGET = 13.4;
				MTL_ENABLE_DEBUG_INFO = NO;
				MTL_FAST_MATH = YES;
				SDKROOT = iphoneos;
				SWIFT_COMPILATION_MODE = wholemodule;
				SWIFT_OPTIMIZATION_LEVEL = "-O";
				VALIDATE_PRODUCT = YES;
			};
			name = Release;
		};
		D8BA918A2473932700AD8D58 /* Debug */ = {
			isa = XCBuildConfiguration;
			buildSettings = {
				ASSETCATALOG_COMPILER_APPICON_NAME = AppIcon;
				CODE_SIGN_STYLE = Automatic;
				DEVELOPMENT_TEAM = NL6P73LL95;
				INFOPLIST_FILE = tyokin0519/Info.plist;
				LD_RUNPATH_SEARCH_PATHS = (
					"$(inherited)",
					"@executable_path/Frameworks",
				);
				PRODUCT_BUNDLE_IDENTIFIER = test.tyokin0519;
				PRODUCT_NAME = "$(TARGET_NAME)";
				SWIFT_VERSION = 5.0;
				TARGETED_DEVICE_FAMILY = "1,2";
			};
			name = Debug;
		};
		D8BA918B2473932700AD8D58 /* Release */ = {
			isa = XCBuildConfiguration;
			buildSettings = {
				ASSETCATALOG_COMPILER_APPICON_NAME = AppIcon;
				CODE_SIGN_STYLE = Automatic;
				DEVELOPMENT_TEAM = NL6P73LL95;
				INFOPLIST_FILE = tyokin0519/Info.plist;
				LD_RUNPATH_SEARCH_PATHS = (
					"$(inherited)",
					"@executable_path/Frameworks",
				);
				PRODUCT_BUNDLE_IDENTIFIER = test.tyokin0519;
				PRODUCT_NAME = "$(TARGET_NAME)";
				SWIFT_VERSION = 5.0;
				TARGETED_DEVICE_FAMILY = "1,2";
			};
			name = Release;
		};
		D8BA918D2473932700AD8D58 /* Debug */ = {
			isa = XCBuildConfiguration;
			buildSettings = {
				ALWAYS_EMBED_SWIFT_STANDARD_LIBRARIES = YES;
				BUNDLE_LOADER = "$(TEST_HOST)";
				CODE_SIGN_STYLE = Automatic;
				DEVELOPMENT_TEAM = NL6P73LL95;
				INFOPLIST_FILE = tyokin0519Tests/Info.plist;
				IPHONEOS_DEPLOYMENT_TARGET = 13.4;
				LD_RUNPATH_SEARCH_PATHS = (
					"$(inherited)",
					"@executable_path/Frameworks",
					"@loader_path/Frameworks",
				);
				PRODUCT_BUNDLE_IDENTIFIER = test.tyokin0519Tests;
				PRODUCT_NAME = "$(TARGET_NAME)";
				SWIFT_VERSION = 5.0;
				TARGETED_DEVICE_FAMILY = "1,2";
				TEST_HOST = "$(BUILT_PRODUCTS_DIR)/tyokin0519.app/tyokin0519";
			};
			name = Debug;
		};
		D8BA918E2473932700AD8D58 /* Release */ = {
			isa = XCBuildConfiguration;
			buildSettings = {
				ALWAYS_EMBED_SWIFT_STANDARD_LIBRARIES = YES;
				BUNDLE_LOADER = "$(TEST_HOST)";
				CODE_SIGN_STYLE = Automatic;
				DEVELOPMENT_TEAM = NL6P73LL95;
				INFOPLIST_FILE = tyokin0519Tests/Info.plist;
				IPHONEOS_DEPLOYMENT_TARGET = 13.4;
				LD_RUNPATH_SEARCH_PATHS = (
					"$(inherited)",
					"@executable_path/Frameworks",
					"@loader_path/Frameworks",
				);
				PRODUCT_BUNDLE_IDENTIFIER = test.tyokin0519Tests;
				PRODUCT_NAME = "$(TARGET_NAME)";
				SWIFT_VERSION = 5.0;
				TARGETED_DEVICE_FAMILY = "1,2";
				TEST_HOST = "$(BUILT_PRODUCTS_DIR)/tyokin0519.app/tyokin0519";
			};
			name = Release;
		};
		D8BA91902473932700AD8D58 /* Debug */ = {
			isa = XCBuildConfiguration;
			buildSettings = {
				ALWAYS_EMBED_SWIFT_STANDARD_LIBRARIES = YES;
				CODE_SIGN_STYLE = Automatic;
				DEVELOPMENT_TEAM = NL6P73LL95;
				INFOPLIST_FILE = tyokin0519UITests/Info.plist;
				LD_RUNPATH_SEARCH_PATHS = (
					"$(inherited)",
					"@executable_path/Frameworks",
					"@loader_path/Frameworks",
				);
				PRODUCT_BUNDLE_IDENTIFIER = test.tyokin0519UITests;
				PRODUCT_NAME = "$(TARGET_NAME)";
				SWIFT_VERSION = 5.0;
				TARGETED_DEVICE_FAMILY = "1,2";
				TEST_TARGET_NAME = tyokin0519;
			};
			name = Debug;
		};
		D8BA91912473932700AD8D58 /* Release */ = {
			isa = XCBuildConfiguration;
			buildSettings = {
				ALWAYS_EMBED_SWIFT_STANDARD_LIBRARIES = YES;
				CODE_SIGN_STYLE = Automatic;
				DEVELOPMENT_TEAM = NL6P73LL95;
				INFOPLIST_FILE = tyokin0519UITests/Info.plist;
				LD_RUNPATH_SEARCH_PATHS = (
					"$(inherited)",
					"@executable_path/Frameworks",
					"@loader_path/Frameworks",
				);
				PRODUCT_BUNDLE_IDENTIFIER = test.tyokin0519UITests;
				PRODUCT_NAME = "$(TARGET_NAME)";
				SWIFT_VERSION = 5.0;
				TARGETED_DEVICE_FAMILY = "1,2";
				TEST_TARGET_NAME = tyokin0519;
			};
			name = Release;
		};
/* End XCBuildConfiguration section */

/* Begin XCConfigurationList section */
		D8BA915A2473932100AD8D58 /* Build configuration list for PBXProject "tyokin0519" */ = {
			isa = XCConfigurationList;
			buildConfigurations = (
				D8BA91872473932700AD8D58 /* Debug */,
				D8BA91882473932700AD8D58 /* Release */,
			);
			defaultConfigurationIsVisible = 0;
			defaultConfigurationName = Release;
		};
		D8BA91892473932700AD8D58 /* Build configuration list for PBXNativeTarget "tyokin0519" */ = {
			isa = XCConfigurationList;
			buildConfigurations = (
				D8BA918A2473932700AD8D58 /* Debug */,
				D8BA918B2473932700AD8D58 /* Release */,
			);
			defaultConfigurationIsVisible = 0;
			defaultConfigurationName = Release;
		};
		D8BA918C2473932700AD8D58 /* Build configuration list for PBXNativeTarget "tyokin0519Tests" */ = {
			isa = XCConfigurationList;
			buildConfigurations = (
				D8BA918D2473932700AD8D58 /* Debug */,
				D8BA918E2473932700AD8D58 /* Release */,
			);
			defaultConfigurationIsVisible = 0;
			defaultConfigurationName = Release;
		};
		D8BA918F2473932700AD8D58 /* Build configuration list for PBXNativeTarget "tyokin0519UITests" */ = {
			isa = XCConfigurationList;
			buildConfigurations = (
				D8BA91902473932700AD8D58 /* Debug */,
				D8BA91912473932700AD8D58 /* Release */,
			);
			defaultConfigurationIsVisible = 0;
			defaultConfigurationName = Release;
		};
/* End XCConfigurationList section */
	};
	rootObject = D8BA91572473932100AD8D58 /* Project object */;
}
